
Microsoft Visual Studio Solution File, Format Version 12.00
# Visual Studio Version 17
VisualStudioVersion = 17.4.33213.308
MinimumVisualStudioVersion = 10.0.40219.1
Project("{FAE04EC0-301F-11D3-BF4B-00C04F79EFBC}") = "FinalsApp", "FinalsApp\FinalsApp.csproj", "{8D31F2AD-2592-41C3-8024-346D90C1AD49}"
EndProject
Global
	GlobalSection(SolutionConfigurationPlatforms) = preSolution
		Debug|Any CPU = Debug|Any CPU
		Release|Any CPU = Release|Any CPU
	EndGlobalSection
	GlobalSection(ProjectConfigurationPlatforms) = postSolution
		{8D31F2AD-2592-41C3-8024-346D90C1AD49}.Debug|Any CPU.ActiveCfg = Debug|Any CPU
		{8D31F2AD-2592-41C3-8024-346D90C1AD49}.Debug|Any CPU.Build.0 = Debug|Any CPU
		{8D31F2AD-2592-41C3-8024-346D90C1AD49}.Release|Any CPU.ActiveCfg = Release|Any CPU
		{8D31F2AD-2592-41C3-8024-346D90C1AD49}.Release|Any CPU.Build.0 = Release|Any CPU
	EndGlobalSection
	GlobalSection(SolutionProperties) = preSolution
		HideSolutionNode = FALSE
	EndGlobalSection
	GlobalSection(ExtensibilityGlobals) = postSolution
		SolutionGuid = {DA81C3BE-76DF-42F5-BB3A-E5D0F8194A6F}
	EndGlobalSection
EndGlobal
